
Microsoft Visual Studio Solution File, Format Version 12.00
# Visual Studio Version 17
VisualStudioVersion = 17.2.32505.173
MinimumVisualStudioVersion = 10.0.40219.1
Project("{FAE04EC0-301F-11D3-BF4B-00C04F79EFBC}") = "Assignment-04", "Assignment-04\Assignment-04.csproj", "{6BDD3542-BFD0-48C4-A875-001F555BD634}"
EndProject
Global
	GlobalSection(SolutionConfigurationPlatforms) = preSolution
		Debug|Any CPU = Debug|Any CPU
		Release|Any CPU = Release|Any CPU
	EndGlobalSection
	GlobalSection(ProjectConfigurationPlatforms) = postSolution
		{6BDD3542-BFD0-48C4-A875-001F555BD634}.Debug|Any CPU.ActiveCfg = Debug|Any CPU
		{6BDD3542-BFD0-48C4-A875-001F555BD634}.Debug|Any CPU.Build.0 = Debug|Any CPU
		{6BDD3542-BFD0-48C4-A875-001F555BD634}.Release|Any CPU.ActiveCfg = Release|Any CPU
		{6BDD3542-BFD0-48C4-A875-001F555BD634}.Release|Any CPU.Build.0 = Release|Any CPU
	EndGlobalSection
	GlobalSection(SolutionProperties) = preSolution
		HideSolutionNode = FALSE
	EndGlobalSection
	GlobalSection(ExtensibilityGlobals) = postSolution
		SolutionGuid = {4E47BBBF-CAD2-4A90-8329-6536B2CFB0A2}
	EndGlobalSection
EndGlobal
